
Microsoft Visual Studio Solution File, Format Version 12.00
# Visual Studio 15
VisualStudioVersion = 15.0.28307.1267
MinimumVisualStudioVersion = 10.0.40219.1
Project("{8BC9CEB8-8B4A-11D0-8D11-00A0C91BC942}") = "CSC3150_A3", "CSC3150_A3\CSC3150_A3.vcxproj", "{F7077978-45D2-4930-8B3F-19A7EF90299F}"
EndProject
Global
	GlobalSection(SolutionConfigurationPlatforms) = preSolution
		Debug|x64 = Debug|x64
		Release|x64 = Release|x64
	EndGlobalSection
	GlobalSection(ProjectConfigurationPlatforms) = postSolution
		{F7077978-45D2-4930-8B3F-19A7EF90299F}.Debug|x64.ActiveCfg = Debug|x64
		{F7077978-45D2-4930-8B3F-19A7EF90299F}.Debug|x64.Build.0 = Debug|x64
		{F7077978-45D2-4930-8B3F-19A7EF90299F}.Release|x64.ActiveCfg = Debug|x64
		{F7077978-45D2-4930-8B3F-19A7EF90299F}.Release|x64.Build.0 = Debug|x64
	EndGlobalSection
	GlobalSection(SolutionProperties) = preSolution
		HideSolutionNode = FALSE
	EndGlobalSection
	GlobalSection(ExtensibilityGlobals) = postSolution
		SolutionGuid = {07D2979E-962A-4840-B624-6B40BB421CDF}
	EndGlobalSection
EndGlobal
